version = 1
revision = 3
requires-python = "==3.13.*"
conflicts = [[
    { package = "iomix-proseg-segmentation-candidate", extra = "cpu" },
    { package = "iomix-proseg-segmentation-candidate", extra = "cu128" },
    { package = "iomix-proseg-segmentation-candidate", extra = "cu130" },
]]

[[package]]
name = "iomix-proseg-segmentation-candidate"
version = "3.2.0"
source = { editable = "." }
dependencies = [
    { name = "numpy" },
    { name = "proseg-bin" },
    { name = "scipy" },
    { name = "shapely" },
]

[package.metadata]
requires-dist = [
    { name = "numpy", specifier = "==2.5.1" },
    { name = "proseg-bin", url = "https://github.com/instantomics/proseg/releases/download/proseg-bin-v3.2.0.post1/proseg_bin-3.2.0.post1-py3-none-manylinux_2_34_x86_64.whl" },
    { name = "scipy", specifier = "==1.18.0" },
    { name = "shapely", specifier = "==2.1.2" },
]
provides-extras = ["cpu", "cu128", "cu130"]

[[package]]
name = "numpy"
version = "2.5.1"
source = { registry = "https://pypi.org/simple" }
sdist = { url = "https://files.pythonhosted.org/packages/22/fd/89965aa4ac08c74998539fcbf24fa3540f3e15237fbeb6bcf9c908f4aade/numpy-2.5.1.tar.gz", hash = "sha256:a48a113e6afea91f5608793bafa7ef2ad481fefbda87ec5069f483de61cb9fa3", size = 20755553, upload-time = "2026-07-04T17:08:00.933Z" }
wheels = [
    { url = "https://files.pythonhosted.org/packages/eb/07/ec2a3f0c91761581d4b7104a740791800025983f9a4dc4e73f91a99aeac4/numpy-2.5.1-cp313-cp313-macosx_10_13_x86_64.whl", hash = "sha256:0bfebd8695f9863592fe744be833a258120b14a9f39da255e8aa8fade2c0ddd1", size = 16796419, upload-time = "2026-07-04T17:06:40.37Z" },
    { url = "https://files.pythonhosted.org/packages/ab/ab/ddb499fc4f8780354395face5b65c7fd107bcd6e1d667a5f07d046956f6f/numpy-2.5.1-cp313-cp313-macosx_11_0_arm64.whl", hash = "sha256:30b44a6b53a7ae63c54c089a8726e5563ed302716c5b7ccc85afade40b0e7ff6", size = 11765832, upload-time = "2026-07-04T17:06:42.768Z" },
    { url = "https://files.pythonhosted.org/packages/88/b3/3c28c558a09fc72100c646dac6d2fce8e834c471b0edca01a29996706117/numpy-2.5.1-cp313-cp313-macosx_14_0_arm64.whl", hash = "sha256:6165343f81b56ef8f514f396989e529b61d9dc709b99421b07e9f3e698e2287d", size = 5325143, upload-time = "2026-07-04T17:06:45.466Z" },
    { url = "https://files.pythonhosted.org/packages/5e/0e/ce19b985bb15c596f4f05954e76cccc77c845083b3b8f938a6c68e523128/numpy-2.5.1-cp313-cp313-macosx_14_0_x86_64.whl", hash = "sha256:4939237038ada79308dda3204ac6462df056b5672b2e25db1149cf873668b3e1", size = 6659749, upload-time = "2026-07-04T17:06:47.288Z" },
    { url = "https://files.pythonhosted.org/packages/2e/20/1ee6614d64332a1bba6411f38e68cb79eec1b2459e20a623777c5c5492a2/numpy-2.5.1-cp313-cp313-manylinux_2_27_aarch64.manylinux_2_28_aarch64.whl", hash = "sha256:1c6759f538fb912fc46de0a6b1758ccf7b57bc7c7ebebc23974fdac3de8db0cd", size = 15164716, upload-time = "2026-07-04T17:06:49.494Z" },
    { url = "https://files.pythonhosted.org/packages/ed/a7/2bcd3fdbb87804755c35b729bf8709d62025c5f4cfd7d5b2415997097515/numpy-2.5.1-cp313-cp313-manylinux_2_27_x86_64.manylinux_2_28_x86_64.whl", hash = "sha256:9726558e8db4a5bf7929a70ae50f63abda4daf0efe810e3bfbab95976f75fc1a", size = 16661440, upload-time = "2026-07-04T17:06:52.061Z" },
    { url = "https://files.pythonhosted.org/packages/fc/d7/a41e3310c886fe457d36e670bbf24fae411aca8a7b6ad92a32afd924077c/numpy-2.5.1-cp313-cp313-musllinux_1_2_aarch64.whl", hash = "sha256:3935f3b419b244a02732676fa5317a9193cc596a4c0646db07e5b421229ac9f7", size = 16526305, upload-time = "2026-07-04T17:06:54.605Z" },
    { url = "https://files.pythonhosted.org/packages/53/75/4333a9a707c1edd3a4e1a0c58eca52c0f31e55089fa80db02b5565b24df7/numpy-2.5.1-cp313-cp313-musllinux_1_2_x86_64.whl", hash = "sha256:dc932a65ded7ce9013d120845a2514dcccb1a67bfc8deb8d37633762951904a6", size = 18423008, upload-time = "2026-07-04T17:06:57.54Z" },
    { url = "https://files.pythonhosted.org/packages/ee/90/e314a32b1c11a2ffe818ddad3a57b50b4b6e1b6c487192eb50cdef0415d0/numpy-2.5.1-cp313-cp313-win32.whl", hash = "sha256:4b4ff1608417eb7a59da7b967bbb798cacfe071d2caf526a24281cd562072ed9", size = 6063885, upload-time = "2026-07-04T17:07:00.14Z" },
    { url = "https://files.pythonhosted.org/packages/10/70/800b3fca480af32df9e8ea9f3d4a0c8feb4b32d7f195d174eabbda4829ad/numpy-2.5.1-cp313-cp313-win_amd64.whl", hash = "sha256:6c3fe51bc6a16453d452997053454f309e8e0ed7b42d6b361ce4ac8c32913d74", size = 12425674, upload-time = "2026-07-04T17:07:02.387Z" },
    { url = "https://files.pythonhosted.org/packages/8b/0b/196350c122f50f6ca56846f2d71efd5e0d24b7b2e07355e019b2e2c7a11e/numpy-2.5.1-cp313-cp313-win_arm64.whl", hash = "sha256:f7feb014281029e628ba2d5a007407443b06e418b6fe451d1e2adcbc8eba0107", size = 10350256, upload-time = "2026-07-04T17:07:04.878Z" },
]

[[package]]
name = "proseg-bin"
version = "3.2.0.post1"
source = { url = "https://github.com/instantomics/proseg/releases/download/proseg-bin-v3.2.0.post1/proseg_bin-3.2.0.post1-py3-none-manylinux_2_34_x86_64.whl" }
wheels = [
    { url = "https://github.com/instantomics/proseg/releases/download/proseg-bin-v3.2.0.post1/proseg_bin-3.2.0.post1-py3-none-manylinux_2_34_x86_64.whl", hash = "sha256:45b22f87fbca52e87e1d5e915ec8a19472d093686b7c1c004904132e2f5431b3" },
]

[[package]]
name = "scipy"
version = "1.18.0"
source = { registry = "https://pypi.org/simple" }
dependencies = [
    { name = "numpy" },
]
sdist = { url = "https://files.pythonhosted.org/packages/a7/25/c2700dfaf6442b4effaa91af24ebce5dc9d31bb4a69706313aae70d72cd0/scipy-1.18.0.tar.gz", hash = "sha256:67b2ad2ad54c72ca6d04975a9b2df8c3638c34ddd5b28738e94fc2b57929d378", size = 30774447, upload-time = "2026-06-19T15:01:43.456Z" }
wheels = [
    { url = "https://files.pythonhosted.org/packages/05/52/9c0136c2de7ae0779b7b366447766cec6d9f0702c56bb8ffeb04c8fd3af4/scipy-1.18.0-cp313-cp313-macosx_10_15_x86_64.whl", hash = "sha256:09143f676d157d9f546d663504ef9c1becb819824f1afc018814176411942446", size = 31036107, upload-time = "2026-06-19T15:00:14.03Z" },
    { url = "https://files.pythonhosted.org/packages/02/73/0291a64843270f4efb86cdcf2ee0f2048631b65ec6b405398b2b4dbf11bf/scipy-1.18.0-cp313-cp313-macosx_12_0_arm64.whl", hash = "sha256:5efe260f69417b97ddae455bfb5a95e8359f7f66ad7fa9522a60feb66f169520", size = 28663303, upload-time = "2026-06-19T15:00:16.819Z" },
    { url = "https://files.pythonhosted.org/packages/d3/0f/10ffa0b697a572f4e0d48b92a88895d366422f019f723e7e14a84c050dac/scipy-1.18.0-cp313-cp313-macosx_14_0_arm64.whl", hash = "sha256:68363b7eaacd8b5dd426df56d782cc156468ac79a127a1b87ca597d6e2e82197", size = 20404960, upload-time = "2026-06-19T15:00:19.635Z" },
    { url = "https://files.pythonhosted.org/packages/7e/d2/e896cea21ba8edd6c81d4c55b1ffcc717e79698dcbebf9641b4cfb4c6622/scipy-1.18.0-cp313-cp313-macosx_14_0_x86_64.whl", hash = "sha256:c5557d8be5da8e41353fcd4d21491fdbab83b062fc579e94dc09a7c8ab4f669b", size = 23034074, upload-time = "2026-06-19T15:00:22.107Z" },
    { url = "https://files.pythonhosted.org/packages/ea/b2/e83ea34279a52c03374477c74006256ec78df65fc877baa4617d6de1d202/scipy-1.18.0-cp313-cp313-manylinux_2_27_aarch64.manylinux_2_28_aarch64.whl", hash = "sha256:0d13bca67c096d89fb95ced0d8921807300fce0275643aef9533cc63a0773468", size = 33942038, upload-time = "2026-06-19T15:00:24.964Z" },
    { url = "https://files.pythonhosted.org/packages/f6/af/e8fe5fb136f51e2b01678b92cb4106d10d8cd68ec147ead2e7cb0ac75398/scipy-1.18.0-cp313-cp313-manylinux_2_27_x86_64.manylinux_2_28_x86_64.whl", hash = "sha256:a46f9273dbd0eb1cefba61c9b8648b4dfe3cbc14a080176f9a73e44b8336dc7f", size = 35266390, upload-time = "2026-06-19T15:00:28.059Z" },
    { url = "https://files.pythonhosted.org/packages/3a/49/2c5cbb907b56695fc67517811d1db234dfd83381a84814ec220aded2794d/scipy-1.18.0-cp313-cp313-musllinux_1_2_aarch64.whl", hash = "sha256:5aba46108853ddfc77906b6557aac839d2b52e900c1d72a1180adaaab58d265f", size = 35551324, upload-time = "2026-06-19T15:00:31.014Z" },
    { url = "https://files.pythonhosted.org/packages/bb/73/eda39f7a2d306ff0ffc574afd13c0bbb6d10a603d9a413998ee269487a80/scipy-1.18.0-cp313-cp313-musllinux_1_2_x86_64.whl", hash = "sha256:b6f758e35f12757b5d95c00bc6de2438e229c2664b7a92e96f205959d9f2dfa4", size = 37404785, upload-time = "2026-06-19T15:00:34.072Z" },
    { url = "https://files.pythonhosted.org/packages/b7/d2/ae881ee28d014f38e0ccbfd974a06a919ba9af34f1f74bf42b5301891d63/scipy-1.18.0-cp313-cp313-win_amd64.whl", hash = "sha256:1afac4a847207c7ff8efd321734a50b06d0280b3b2a2c0fc2f413101747ad7c7", size = 36554943, upload-time = "2026-06-19T15:00:36.903Z" },
    { url = "https://files.pythonhosted.org/packages/70/3a/21154e2d54eb3639c6bf4dbae2e531c68356bfe95990daa30df33b30d556/scipy-1.18.0-cp313-cp313-win_arm64.whl", hash = "sha256:c5dbddf60e58c2312316d097271a8e73d40eaf2eabfa4d95ed7d3695bbf2ce7b", size = 24350911, upload-time = "2026-06-19T15:00:40.062Z" },
]

[[package]]
name = "shapely"
version = "2.1.2"
source = { registry = "https://pypi.org/simple" }
dependencies = [
    { name = "numpy" },
]
sdist = { url = "https://files.pythonhosted.org/packages/4d/bc/0989043118a27cccb4e906a46b7565ce36ca7b57f5a18b78f4f1b0f72d9d/shapely-2.1.2.tar.gz", hash = "sha256:2ed4ecb28320a433db18a5bf029986aa8afcfd740745e78847e330d5d94922a9", size = 315489, upload-time = "2025-09-24T13:51:41.432Z" }
wheels = [
    { url = "https://files.pythonhosted.org/packages/c3/90/98ef257c23c46425dc4d1d31005ad7c8d649fe423a38b917db02c30f1f5a/shapely-2.1.2-cp313-cp313-macosx_10_13_x86_64.whl", hash = "sha256:b510dda1a3672d6879beb319bc7c5fd302c6c354584690973c838f46ec3e0fa8", size = 1832644, upload-time = "2025-09-24T13:50:44.886Z" },
    { url = "https://files.pythonhosted.org/packages/6d/ab/0bee5a830d209adcd3a01f2d4b70e587cdd9fd7380d5198c064091005af8/shapely-2.1.2-cp313-cp313-macosx_11_0_arm64.whl", hash = "sha256:8cff473e81017594d20ec55d86b54bc635544897e13a7cfc12e36909c5309a2a", size = 1642887, upload-time = "2025-09-24T13:50:46.735Z" },
    { url = "https://files.pythonhosted.org/packages/2d/5e/7d7f54ba960c13302584c73704d8c4d15404a51024631adb60b126a4ae88/shapely-2.1.2-cp313-cp313-manylinux2014_aarch64.manylinux_2_17_aarch64.whl", hash = "sha256:fe7b77dc63d707c09726b7908f575fc04ff1d1ad0f3fb92aec212396bc6cfe5e", size = 2970931, upload-time = "2025-09-24T13:50:48.374Z" },
    { url = "https://files.pythonhosted.org/packages/f2/a2/83fc37e2a58090e3d2ff79175a95493c664bcd0b653dd75cb9134645a4e5/shapely-2.1.2-cp313-cp313-manylinux2014_x86_64.manylinux_2_17_x86_64.whl", hash = "sha256:7ed1a5bbfb386ee8332713bf7508bc24e32d24b74fc9a7b9f8529a55db9f4ee6", size = 3082855, upload-time = "2025-09-24T13:50:50.037Z" },
    { url = "https://files.pythonhosted.org/packages/44/2b/578faf235a5b09f16b5f02833c53822294d7f21b242f8e2d0cf03fb64321/shapely-2.1.2-cp313-cp313-musllinux_1_2_aarch64.whl", hash = "sha256:a84e0582858d841d54355246ddfcbd1fce3179f185da7470f41ce39d001ee1af", size = 3979960, upload-time = "2025-09-24T13:50:51.74Z" },
    { url = "https://files.pythonhosted.org/packages/4d/04/167f096386120f692cc4ca02f75a17b961858997a95e67a3cb6a7bbd6b53/shapely-2.1.2-cp313-cp313-musllinux_1_2_x86_64.whl", hash = "sha256:dc3487447a43d42adcdf52d7ac73804f2312cbfa5d433a7d2c506dcab0033dfd", size = 4142851, upload-time = "2025-09-24T13:50:53.49Z" },
    { url = "https://files.pythonhosted.org/packages/48/74/fb402c5a6235d1c65a97348b48cdedb75fb19eca2b1d66d04969fc1c6091/shapely-2.1.2-cp313-cp313-win32.whl", hash = "sha256:9c3a3c648aedc9f99c09263b39f2d8252f199cb3ac154fadc173283d7d111350", size = 1541890, upload-time = "2025-09-24T13:50:55.337Z" },
    { url = "https://files.pythonhosted.org/packages/41/47/3647fe7ad990af60ad98b889657a976042c9988c2807cf322a9d6685f462/shapely-2.1.2-cp313-cp313-win_amd64.whl", hash = "sha256:ca2591bff6645c216695bdf1614fca9c82ea1144d4a7591a466fef64f28f0715", size = 1722151, upload-time = "2025-09-24T13:50:57.153Z" },
    { url = "https://files.pythonhosted.org/packages/3c/49/63953754faa51ffe7d8189bfbe9ca34def29f8c0e34c67cbe2a2795f269d/shapely-2.1.2-cp313-cp313t-macosx_10_13_x86_64.whl", hash = "sha256:2d93d23bdd2ed9dc157b46bc2f19b7da143ca8714464249bef6771c679d5ff40", size = 1834130, upload-time = "2025-09-24T13:50:58.49Z" },
    { url = "https://files.pythonhosted.org/packages/7f/ee/dce001c1984052970ff60eb4727164892fb2d08052c575042a47f5a9e88f/shapely-2.1.2-cp313-cp313t-macosx_11_0_arm64.whl", hash = "sha256:01d0d304b25634d60bd7cf291828119ab55a3bab87dc4af1e44b07fb225f188b", size = 1642802, upload-time = "2025-09-24T13:50:59.871Z" },
    { url = "https://files.pythonhosted.org/packages/da/e7/fc4e9a19929522877fa602f705706b96e78376afb7fad09cad5b9af1553c/shapely-2.1.2-cp313-cp313t-manylinux2014_aarch64.manylinux_2_17_aarch64.whl", hash = "sha256:8d8382dd120d64b03698b7298b89611a6ea6f55ada9d39942838b79c9bc89801", size = 3018460, upload-time = "2025-09-24T13:51:02.08Z" },
    { url = "https://files.pythonhosted.org/packages/a1/18/7519a25db21847b525696883ddc8e6a0ecaa36159ea88e0fef11466384d0/shapely-2.1.2-cp313-cp313t-manylinux2014_x86_64.manylinux_2_17_x86_64.whl", hash = "sha256:19efa3611eef966e776183e338b2d7ea43569ae99ab34f8d17c2c054d3205cc0", size = 3095223, upload-time = "2025-09-24T13:51:04.472Z" },
    { url = "https://files.pythonhosted.org/packages/48/de/b59a620b1f3a129c3fecc2737104a0a7e04e79335bd3b0a1f1609744cf17/shapely-2.1.2-cp313-cp313t-musllinux_1_2_aarch64.whl", hash = "sha256:346ec0c1a0fcd32f57f00e4134d1200e14bf3f5ae12af87ba83ca275c502498c", size = 4030760, upload-time = "2025-09-24T13:51:06.455Z" },
    { url = "https://files.pythonhosted.org/packages/96/b3/c6655ee7232b417562bae192ae0d3ceaadb1cc0ffc2088a2ddf415456cc2/shapely-2.1.2-cp313-cp313t-musllinux_1_2_x86_64.whl", hash = "sha256:6305993a35989391bd3476ee538a5c9a845861462327efe00dd11a5c8c709a99", size = 4170078, upload-time = "2025-09-24T13:51:08.584Z" },
    { url = "https://files.pythonhosted.org/packages/a0/8e/605c76808d73503c9333af8f6cbe7e1354d2d238bda5f88eea36bfe0f42a/shapely-2.1.2-cp313-cp313t-win32.whl", hash = "sha256:c8876673449f3401f278c86eb33224c5764582f72b653a415d0e6672fde887bf", size = 1559178, upload-time = "2025-09-24T13:51:10.73Z" },
    { url = "https://files.pythonhosted.org/packages/36/f7/d317eb232352a1f1444d11002d477e54514a4a6045536d49d0c59783c0da/shapely-2.1.2-cp313-cp313t-win_amd64.whl", hash = "sha256:4a44bc62a10d84c11a7a3d7c1c4fe857f7477c3506e24c9062da0db0ae0c449c", size = 1739756, upload-time = "2025-09-24T13:51:12.105Z" },
]
